// !$*UTF8*$!
{
	archiveVersion = 1;
	classes = {
	};
	objectVersion = 56;
	objects = {

/* Begin PBXBuildFile section */
		530387CB2C1A3C1200415079 /* MediaXApp.swift in Sources */ = {isa = PBXBuildFile; fileRef = 530387CA2C1A3C1200415079 /* MediaXApp.swift */; };
		530387CD2C1A3C1200415079 /* ContentView.swift in Sources */ = {isa = PBXBuildFile; fileRef = 530387CC2C1A3C1200415079 /* ContentView.swift */; };
		530387CF2C1A3C1400415079 /* Assets.xcassets in Resources */ = {isa = PBXBuildFile; fileRef = 530387CE2C1A3C1400415079 /* Assets.xcassets */; };
		530387D22C1A3C1400415079 /* Preview Assets.xcassets in Resources */ = {isa = PBXBuildFile; fileRef = 530387D12C1A3C1400415079 /* Preview Assets.xcassets */; };
		530387DF2C1A46F700415079 /* SplashView.swift in Sources */ = {isa = PBXBuildFile; fileRef = 530387DE2C1A46F700415079 /* SplashView.swift */; };
		530387E12C1A512D00415079 /* OnBoardView.swift in Sources */ = {isa = PBXBuildFile; fileRef = 530387E02C1A512D00415079 /* OnBoardView.swift */; };
		530387E32C1A539600415079 /* OnBoardImgAndText.swift in Sources */ = {isa = PBXBuildFile; fileRef = 530387E22C1A539600415079 /* OnBoardImgAndText.swift */; };
		53231F782C1BAFE5006B5833 /* SignUpView.swift in Sources */ = {isa = PBXBuildFile; fileRef = 53231F772C1BAFE5006B5833 /* SignUpView.swift */; };
		53231F7A2C1BB7B9006B5833 /* CTAbtnAndArrow.swift in Sources */ = {isa = PBXBuildFile; fileRef = 53231F792C1BB7B9006B5833 /* CTAbtnAndArrow.swift */; };
		53231F7C2C1BEE26006B5833 /* InputView.swift in Sources */ = {isa = PBXBuildFile; fileRef = 53231F7B2C1BEE26006B5833 /* InputView.swift */; };
		53231F7E2C1C07B3006B5833 /* SignInView.swift in Sources */ = {isa = PBXBuildFile; fileRef = 53231F7D2C1C07B3006B5833 /* SignInView.swift */; };
		53319AB82C1CB4700007DC10 /* MainTab.swift in Sources */ = {isa = PBXBuildFile; fileRef = 53319AB72C1CB4700007DC10 /* MainTab.swift */; };
		53319ABA2C1CB4900007DC10 /* HomeView.swift in Sources */ = {isa = PBXBuildFile; fileRef = 53319AB92C1CB4900007DC10 /* HomeView.swift */; };
		53319ABC2C1CB4BB0007DC10 /* ProfileView.swift in Sources */ = {isa = PBXBuildFile; fileRef = 53319ABB2C1CB4BB0007DC10 /* ProfileView.swift */; };
		53319ABE2C1CB4D40007DC10 /* SearchView.swift in Sources */ = {isa = PBXBuildFile; fileRef = 53319ABD2C1CB4D40007DC10 /* SearchView.swift */; };
		53319AC02C1CB4F40007DC10 /* MessagesView.swift in Sources */ = {isa = PBXBuildFile; fileRef = 53319ABF2C1CB4F40007DC10 /* MessagesView.swift */; };
		53319AC42C1CB8620007DC10 /* AuthModel.swift in Sources */ = {isa = PBXBuildFile; fileRef = 53319AC32C1CB8620007DC10 /* AuthModel.swift */; };
		53319AC62C1CC1120007DC10 /* AuthView.swift in Sources */ = {isa = PBXBuildFile; fileRef = 53319AC52C1CC1120007DC10 /* AuthView.swift */; };
/* End PBXBuildFile section */

/* Begin PBXFileReference section */
		530387C72C1A3C1100415079 /* MediaX.app */ = {isa = PBXFileReference; explicitFileType = wrapper.application; includeInIndex = 0; path = MediaX.app; sourceTree = BUILT_PRODUCTS_DIR; };
		530387CA2C1A3C1200415079 /* MediaXApp.swift */ = {isa = PBXFileReference; lastKnownFileType = sourcecode.swift; path = MediaXApp.swift; sourceTree = "<group>"; };
		530387CC2C1A3C1200415079 /* ContentView.swift */ = {isa = PBXFileReference; lastKnownFileType = sourcecode.swift; path = ContentView.swift; sourceTree = "<group>"; };
		530387CE2C1A3C1400415079 /* Assets.xcassets */ = {isa = PBXFileReference; lastKnownFileType = folder.assetcatalog; path = Assets.xcassets; sourceTree = "<group>"; };
		530387D12C1A3C1400415079 /* Preview Assets.xcassets */ = {isa = PBXFileReference; lastKnownFileType = folder.assetcatalog; path = "Preview Assets.xcassets"; sourceTree = "<group>"; };
		530387DE2C1A46F700415079 /* SplashView.swift */ = {isa = PBXFileReference; lastKnownFileType = sourcecode.swift; path = SplashView.swift; sourceTree = "<group>"; };
		530387E02C1A512D00415079 /* OnBoardView.swift */ = {isa = PBXFileReference; lastKnownFileType = sourcecode.swift; path = OnBoardView.swift; sourceTree = "<group>"; };
		530387E22C1A539600415079 /* OnBoardImgAndText.swift */ = {isa = PBXFileReference; lastKnownFileType = sourcecode.swift; path = OnBoardImgAndText.swift; sourceTree = "<group>"; };
		53231F772C1BAFE5006B5833 /* SignUpView.swift */ = {isa = PBXFileReference; lastKnownFileType = sourcecode.swift; path = SignUpView.swift; sourceTree = "<group>"; };
		53231F792C1BB7B9006B5833 /* CTAbtnAndArrow.swift */ = {isa = PBXFileReference; lastKnownFileType = sourcecode.swift; path = CTAbtnAndArrow.swift; sourceTree = "<group>"; };
		53231F7B2C1BEE26006B5833 /* InputView.swift */ = {isa = PBXFileReference; lastKnownFileType = sourcecode.swift; path = InputView.swift; sourceTree = "<group>"; };
		53231F7D2C1C07B3006B5833 /* SignInView.swift */ = {isa = PBXFileReference; lastKnownFileType = sourcecode.swift; path = SignInView.swift; sourceTree = "<group>"; };
		53319AB72C1CB4700007DC10 /* MainTab.swift */ = {isa = PBXFileReference; lastKnownFileType = sourcecode.swift; path = MainTab.swift; sourceTree = "<group>"; };
		53319AB92C1CB4900007DC10 /* HomeView.swift */ = {isa = PBXFileReference; lastKnownFileType = sourcecode.swift; path = HomeView.swift; sourceTree = "<group>"; };
		53319ABB2C1CB4BB0007DC10 /* ProfileView.swift */ = {isa = PBXFileReference; lastKnownFileType = sourcecode.swift; path = ProfileView.swift; sourceTree = "<group>"; };
		53319ABD2C1CB4D40007DC10 /* SearchView.swift */ = {isa = PBXFileReference; lastKnownFileType = sourcecode.swift; path = SearchView.swift; sourceTree = "<group>"; };
		53319ABF2C1CB4F40007DC10 /* MessagesView.swift */ = {isa = PBXFileReference; lastKnownFileType = sourcecode.swift; path = MessagesView.swift; sourceTree = "<group>"; };
		53319AC32C1CB8620007DC10 /* AuthModel.swift */ = {isa = PBXFileReference; lastKnownFileType = sourcecode.swift; path = AuthModel.swift; sourceTree = "<group>"; };
		53319AC52C1CC1120007DC10 /* AuthView.swift */ = {isa = PBXFileReference; lastKnownFileType = sourcecode.swift; path = AuthView.swift; sourceTree = "<group>"; };
/* End PBXFileReference section */

/* Begin PBXFrameworksBuildPhase section */
		530387C42C1A3C1100415079 /* Frameworks */ = {
			isa = PBXFrameworksBuildPhase;
			buildActionMask = 2147483647;
			files = (
			);
			runOnlyForDeploymentPostprocessing = 0;
		};
/* End PBXFrameworksBuildPhase section */

/* Begin PBXGroup section */
		530387BE2C1A3C1100415079 = {
			isa = PBXGroup;
			children = (
				530387C92C1A3C1200415079 /* MediaX */,
				530387C82C1A3C1100415079 /* Products */,
			);
			sourceTree = "<group>";
		};
		530387C82C1A3C1100415079 /* Products */ = {
			isa = PBXGroup;
			children = (
				530387C72C1A3C1100415079 /* MediaX.app */,
			);
			name = Products;
			sourceTree = "<group>";
		};
		530387C92C1A3C1200415079 /* MediaX */ = {
			isa = PBXGroup;
			children = (
				530387D82C1A3C9000415079 /* App */,
				530387D92C1A3CC800415079 /* Core */,
				530387DB2C1A3CFB00415079 /* Extensions */,
				530387DA2C1A3CD300415079 /* Models */,
				530387CC2C1A3C1200415079 /* ContentView.swift */,
				530387CE2C1A3C1400415079 /* Assets.xcassets */,
				530387D02C1A3C1400415079 /* Preview Content */,
			);
			path = MediaX;
			sourceTree = "<group>";
		};
		530387D02C1A3C1400415079 /* Preview Content */ = {
			isa = PBXGroup;
			children = (
				530387D12C1A3C1400415079 /* Preview Assets.xcassets */,
			);
			path = "Preview Content";
			sourceTree = "<group>";
		};
		530387D82C1A3C9000415079 /* App */ = {
			isa = PBXGroup;
			children = (
				530387CA2C1A3C1200415079 /* MediaXApp.swift */,
			);
			path = App;
			sourceTree = "<group>";
		};
		530387D92C1A3CC800415079 /* Core */ = {
			isa = PBXGroup;
			children = (
				53231F762C1BAF7C006B5833 /* Authentication */,
				530387DC2C1A444900415079 /* Components */,
				53319AB22C1CB3900007DC10 /* Home */,
				53319AB62C1CB3F40007DC10 /* MainTab */,
				53319AB32C1CB3B90007DC10 /* Messages */,
				530387DD2C1A447400415079 /* OnBoard */,
				53319AB52C1CB3CE0007DC10 /* Profile */,
				53319AB42C1CB3C50007DC10 /* Search */,
			);
			path = Core;
			sourceTree = "<group>";
		};
		530387DA2C1A3CD300415079 /* Models */ = {
			isa = PBXGroup;
			children = (
			);
			path = Models;
			sourceTree = "<group>";
		};
		530387DB2C1A3CFB00415079 /* Extensions */ = {
			isa = PBXGroup;
			children = (
			);
			path = Extensions;
			sourceTree = "<group>";
		};
		530387DC2C1A444900415079 /* Components */ = {
			isa = PBXGroup;
			children = (
				530387E22C1A539600415079 /* OnBoardImgAndText.swift */,
				53231F792C1BB7B9006B5833 /* CTAbtnAndArrow.swift */,
				53231F7B2C1BEE26006B5833 /* InputView.swift */,
			);
			path = Components;
			sourceTree = "<group>";
		};
		530387DD2C1A447400415079 /* OnBoard */ = {
			isa = PBXGroup;
			children = (
				530387DE2C1A46F700415079 /* SplashView.swift */,
				530387E02C1A512D00415079 /* OnBoardView.swift */,
			);
			path = OnBoard;
			sourceTree = "<group>";
		};
		53231F762C1BAF7C006B5833 /* Authentication */ = {
			isa = PBXGroup;
			children = (
				53319AC22C1CB8380007DC10 /* Model */,
				53319AC12C1CB82B0007DC10 /* Views */,
			);
			path = Authentication;
			sourceTree = "<group>";
		};
		53319AB22C1CB3900007DC10 /* Home */ = {
			isa = PBXGroup;
			children = (
				53319AB92C1CB4900007DC10 /* HomeView.swift */,
			);
			path = Home;
			sourceTree = "<group>";
		};
		53319AB32C1CB3B90007DC10 /* Messages */ = {
			isa = PBXGroup;
			children = (
				53319ABF2C1CB4F40007DC10 /* MessagesView.swift */,
			);
			path = Messages;
			sourceTree = "<group>";
		};
		53319AB42C1CB3C50007DC10 /* Search */ = {
			isa = PBXGroup;
			children = (
				53319ABD2C1CB4D40007DC10 /* SearchView.swift */,
			);
			path = Search;
			sourceTree = "<group>";
		};
		53319AB52C1CB3CE0007DC10 /* Profile */ = {
			isa = PBXGroup;
			children = (
				53319ABB2C1CB4BB0007DC10 /* ProfileView.swift */,
			);
			path = Profile;
			sourceTree = "<group>";
		};
		53319AB62C1CB3F40007DC10 /* MainTab */ = {
			isa = PBXGroup;
			children = (
				53319AB72C1CB4700007DC10 /* MainTab.swift */,
			);
			path = MainTab;
			sourceTree = "<group>";
		};
		53319AC12C1CB82B0007DC10 /* Views */ = {
			isa = PBXGroup;
			children = (
				53231F772C1BAFE5006B5833 /* SignUpView.swift */,
				53231F7D2C1C07B3006B5833 /* SignInView.swift */,
				53319AC52C1CC1120007DC10 /* AuthView.swift */,
			);
			path = Views;
			sourceTree = "<group>";
		};
		53319AC22C1CB8380007DC10 /* Model */ = {
			isa = PBXGroup;
			children = (
				53319AC32C1CB8620007DC10 /* AuthModel.swift */,
			);
			path = Model;
			sourceTree = "<group>";
		};
/* End PBXGroup section */

/* Begin PBXNativeTarget section */
		530387C62C1A3C1100415079 /* MediaX */ = {
			isa = PBXNativeTarget;
			buildConfigurationList = 530387D52C1A3C1400415079 /* Build configuration list for PBXNativeTarget "MediaX" */;
			buildPhases = (
				530387C32C1A3C1100415079 /* Sources */,
				530387C42C1A3C1100415079 /* Frameworks */,
				530387C52C1A3C1100415079 /* Resources */,
			);
			buildRules = (
			);
			dependencies = (
			);
			name = MediaX;
			productName = MediaX;
			productReference = 530387C72C1A3C1100415079 /* MediaX.app */;
			productType = "com.apple.product-type.application";
		};
/* End PBXNativeTarget section */

/* Begin PBXProject section */
		530387BF2C1A3C1100415079 /* Project object */ = {
			isa = PBXProject;
			attributes = {
				BuildIndependentTargetsInParallel = 1;
				LastSwiftUpdateCheck = 1530;
				LastUpgradeCheck = 1530;
				TargetAttributes = {
					530387C62C1A3C1100415079 = {
						CreatedOnToolsVersion = 15.3;
					};
				};
			};
			buildConfigurationList = 530387C22C1A3C1100415079 /* Build configuration list for PBXProject "MediaX" */;
			compatibilityVersion = "Xcode 14.0";
			developmentRegion = en;
			hasScannedForEncodings = 0;
			knownRegions = (
				en,
				Base,
			);
			mainGroup = 530387BE2C1A3C1100415079;
			productRefGroup = 530387C82C1A3C1100415079 /* Products */;
			projectDirPath = "";
			projectRoot = "";
			targets = (
				530387C62C1A3C1100415079 /* MediaX */,
			);
		};
/* End PBXProject section */

/* Begin PBXResourcesBuildPhase section */
		530387C52C1A3C1100415079 /* Resources */ = {
			isa = PBXResourcesBuildPhase;
			buildActionMask = 2147483647;
			files = (
				530387D22C1A3C1400415079 /* Preview Assets.xcassets in Resources */,
				530387CF2C1A3C1400415079 /* Assets.xcassets in Resources */,
			);
			runOnlyForDeploymentPostprocessing = 0;
		};
/* End PBXResourcesBuildPhase section */

/* Begin PBXSourcesBuildPhase section */
		530387C32C1A3C1100415079 /* Sources */ = {
			isa = PBXSourcesBuildPhase;
			buildActionMask = 2147483647;
			files = (
				53231F7E2C1C07B3006B5833 /* SignInView.swift in Sources */,
				530387E12C1A512D00415079 /* OnBoardView.swift in Sources */,
				530387CD2C1A3C1200415079 /* ContentView.swift in Sources */,
				530387CB2C1A3C1200415079 /* MediaXApp.swift in Sources */,
				53319AC02C1CB4F40007DC10 /* MessagesView.swift in Sources */,
				53319ABC2C1CB4BB0007DC10 /* ProfileView.swift in Sources */,
				53319AC62C1CC1120007DC10 /* AuthView.swift in Sources */,
				53319AB82C1CB4700007DC10 /* MainTab.swift in Sources */,
				53319ABA2C1CB4900007DC10 /* HomeView.swift in Sources */,
				530387DF2C1A46F700415079 /* SplashView.swift in Sources */,
				53319ABE2C1CB4D40007DC10 /* SearchView.swift in Sources */,
				53231F7A2C1BB7B9006B5833 /* CTAbtnAndArrow.swift in Sources */,
				53231F7C2C1BEE26006B5833 /* InputView.swift in Sources */,
				53231F782C1BAFE5006B5833 /* SignUpView.swift in Sources */,
				530387E32C1A539600415079 /* OnBoardImgAndText.swift in Sources */,
				53319AC42C1CB8620007DC10 /* AuthModel.swift in Sources */,
			);
			runOnlyForDeploymentPostprocessing = 0;
		};
/* End PBXSourcesBuildPhase section */

/* Begin XCBuildConfiguration section */
		530387D32C1A3C1400415079 /* Debug */ = {
			isa = XCBuildConfiguration;
			buildSettings = {
				ALWAYS_SEARCH_USER_PATHS = NO;
				ASSETCATALOG_COMPILER_GENERATE_SWIFT_ASSET_SYMBOL_EXTENSIONS = YES;
				CLANG_ANALYZER_NONNULL = YES;
				CLANG_ANALYZER_NUMBER_OBJECT_CONVERSION = YES_AGGRESSIVE;
				CLANG_CXX_LANGUAGE_STANDARD = "gnu++20";
				CLANG_ENABLE_MODULES = YES;
				CLANG_ENABLE_OBJC_ARC = YES;
				CLANG_ENABLE_OBJC_WEAK = YES;
				CLANG_WARN_BLOCK_CAPTURE_AUTORELEASING = YES;
				CLANG_WARN_BOOL_CONVERSION = YES;
				CLANG_WARN_COMMA = YES;
				CLANG_WARN_CONSTANT_CONVERSION = YES;
				CLANG_WARN_DEPRECATED_OBJC_IMPLEMENTATIONS = YES;
				CLANG_WARN_DIRECT_OBJC_ISA_USAGE = YES_ERROR;
				CLANG_WARN_DOCUMENTATION_COMMENTS = YES;
				CLANG_WARN_EMPTY_BODY = YES;
				CLANG_WARN_ENUM_CONVERSION = YES;
				CLANG_WARN_INFINITE_RECURSION = YES;
				CLANG_WARN_INT_CONVERSION = YES;
				CLANG_WARN_NON_LITERAL_NULL_CONVERSION = YES;
				CLANG_WARN_OBJC_IMPLICIT_RETAIN_SELF = YES;
				CLANG_WARN_OBJC_LITERAL_CONVERSION = YES;
				CLANG_WARN_OBJC_ROOT_CLASS = YES_ERROR;
				CLANG_WARN_QUOTED_INCLUDE_IN_FRAMEWORK_HEADER = YES;
				CLANG_WARN_RANGE_LOOP_ANALYSIS = YES;
				CLANG_WARN_STRICT_PROTOTYPES = YES;
				CLANG_WARN_SUSPICIOUS_MOVE = YES;
				CLANG_WARN_UNGUARDED_AVAILABILITY = YES_AGGRESSIVE;
				CLANG_WARN_UNREACHABLE_CODE = YES;
				CLANG_WARN__DUPLICATE_METHOD_MATCH = YES;
				COPY_PHASE_STRIP = NO;
				DEBUG_INFORMATION_FORMAT = dwarf;
				ENABLE_STRICT_OBJC_MSGSEND = YES;
				ENABLE_TESTABILITY = YES;
				ENABLE_USER_SCRIPT_SANDBOXING = YES;
				GCC_C_LANGUAGE_STANDARD = gnu17;
				GCC_DYNAMIC_NO_PIC = NO;
				GCC_NO_COMMON_BLOCKS = YES;
				GCC_OPTIMIZATION_LEVEL = 0;
				GCC_PREPROCESSOR_DEFINITIONS = (
					"DEBUG=1",
					"$(inherited)",
				);
				GCC_WARN_64_TO_32_BIT_CONVERSION = YES;
				GCC_WARN_ABOUT_RETURN_TYPE = YES_ERROR;
				GCC_WARN_UNDECLARED_SELECTOR = YES;
				GCC_WARN_UNINITIALIZED_AUTOS = YES_AGGRESSIVE;
				GCC_WARN_UNUSED_FUNCTION = YES;
				GCC_WARN_UNUSED_VARIABLE = YES;
				IPHONEOS_DEPLOYMENT_TARGET = 17.4;
				LOCALIZATION_PREFERS_STRING_CATALOGS = YES;
				MTL_ENABLE_DEBUG_INFO = INCLUDE_SOURCE;
				MTL_FAST_MATH = YES;
				ONLY_ACTIVE_ARCH = YES;
				SDKROOT = iphoneos;
				SWIFT_ACTIVE_COMPILATION_CONDITIONS = "DEBUG $(inherited)";
				SWIFT_OPTIMIZATION_LEVEL = "-Onone";
			};
			name = Debug;
		};
		530387D42C1A3C1400415079 /* Release */ = {
			isa = XCBuildConfiguration;
			buildSettings = {
				ALWAYS_SEARCH_USER_PATHS = NO;
				ASSETCATALOG_COMPILER_GENERATE_SWIFT_ASSET_SYMBOL_EXTENSIONS = YES;
				CLANG_ANALYZER_NONNULL = YES;
				CLANG_ANALYZER_NUMBER_OBJECT_CONVERSION = YES_AGGRESSIVE;
				CLANG_CXX_LANGUAGE_STANDARD = "gnu++20";
				CLANG_ENABLE_MODULES = YES;
				CLANG_ENABLE_OBJC_ARC = YES;
				CLANG_ENABLE_OBJC_WEAK = YES;
				CLANG_WARN_BLOCK_CAPTURE_AUTORELEASING = YES;
				CLANG_WARN_BOOL_CONVERSION = YES;
				CLANG_WARN_COMMA = YES;
				CLANG_WARN_CONSTANT_CONVERSION = YES;
				CLANG_WARN_DEPRECATED_OBJC_IMPLEMENTATIONS = YES;
				CLANG_WARN_DIRECT_OBJC_ISA_USAGE = YES_ERROR;
				CLANG_WARN_DOCUMENTATION_COMMENTS = YES;
				CLANG_WARN_EMPTY_BODY = YES;
				CLANG_WARN_ENUM_CONVERSION = YES;
				CLANG_WARN_INFINITE_RECURSION = YES;
				CLANG_WARN_INT_CONVERSION = YES;
				CLANG_WARN_NON_LITERAL_NULL_CONVERSION = YES;
				CLANG_WARN_OBJC_IMPLICIT_RETAIN_SELF = YES;
				CLANG_WARN_OBJC_LITERAL_CONVERSION = YES;
				CLANG_WARN_OBJC_ROOT_CLASS = YES_ERROR;
				CLANG_WARN_QUOTED_INCLUDE_IN_FRAMEWORK_HEADER = YES;
				CLANG_WARN_RANGE_LOOP_ANALYSIS = YES;
				CLANG_WARN_STRICT_PROTOTYPES = YES;
				CLANG_WARN_SUSPICIOUS_MOVE = YES;
				CLANG_WARN_UNGUARDED_AVAILABILITY = YES_AGGRESSIVE;
				CLANG_WARN_UNREACHABLE_CODE = YES;
				CLANG_WARN__DUPLICATE_METHOD_MATCH = YES;
				COPY_PHASE_STRIP = NO;
				DEBUG_INFORMATION_FORMAT = "dwarf-with-dsym";
				ENABLE_NS_ASSERTIONS = NO;
				ENABLE_STRICT_OBJC_MSGSEND = YES;
				ENABLE_USER_SCRIPT_SANDBOXING = YES;
				GCC_C_LANGUAGE_STANDARD = gnu17;
				GCC_NO_COMMON_BLOCKS = YES;
				GCC_WARN_64_TO_32_BIT_CONVERSION = YES;
				GCC_WARN_ABOUT_RETURN_TYPE = YES_ERROR;
				GCC_WARN_UNDECLARED_SELECTOR = YES;
				GCC_WARN_UNINITIALIZED_AUTOS = YES_AGGRESSIVE;
				GCC_WARN_UNUSED_FUNCTION = YES;
				GCC_WARN_UNUSED_VARIABLE = YES;
				IPHONEOS_DEPLOYMENT_TARGET = 17.4;
				LOCALIZATION_PREFERS_STRING_CATALOGS = YES;
				MTL_ENABLE_DEBUG_INFO = NO;
				MTL_FAST_MATH = YES;
				SDKROOT = iphoneos;
				SWIFT_COMPILATION_MODE = wholemodule;
				VALIDATE_PRODUCT = YES;
			};
			name = Release;
		};
		530387D62C1A3C1400415079 /* Debug */ = {
			isa = XCBuildConfiguration;
			buildSettings = {
				ASSETCATALOG_COMPILER_APPICON_NAME = AppIcon;
				ASSETCATALOG_COMPILER_GLOBAL_ACCENT_COLOR_NAME = AccentColor;
				CODE_SIGN_STYLE = Automatic;
				CURRENT_PROJECT_VERSION = 1;
				DEVELOPMENT_ASSET_PATHS = "\"MediaX/Preview Content\"";
				DEVELOPMENT_TEAM = LF49R4B4F3;
				ENABLE_PREVIEWS = YES;
				GENERATE_INFOPLIST_FILE = YES;
				INFOPLIST_KEY_UIApplicationSceneManifest_Generation = YES;
				INFOPLIST_KEY_UIApplicationSupportsIndirectInputEvents = YES;
				INFOPLIST_KEY_UILaunchScreen_Generation = YES;
				INFOPLIST_KEY_UISupportedInterfaceOrientations_iPad = "UIInterfaceOrientationPortrait UIInterfaceOrientationPortraitUpsideDown UIInterfaceOrientationLandscapeLeft UIInterfaceOrientationLandscapeRight";
				INFOPLIST_KEY_UISupportedInterfaceOrientations_iPhone = "UIInterfaceOrientationPortrait UIInterfaceOrientationLandscapeLeft UIInterfaceOrientationLandscapeRight";
				LD_RUNPATH_SEARCH_PATHS = (
					"$(inherited)",
					"@executable_path/Frameworks",
				);
				MARKETING_VERSION = 1.0;
				PRODUCT_BUNDLE_IDENTIFIER = kingoj.MediaX;
				PRODUCT_NAME = "$(TARGET_NAME)";
				SWIFT_EMIT_LOC_STRINGS = YES;
				SWIFT_VERSION = 5.0;
				TARGETED_DEVICE_FAMILY = "1,2";
			};
			name = Debug;
		};
		530387D72C1A3C1400415079 /* Release */ = {
			isa = XCBuildConfiguration;
			buildSettings = {
				ASSETCATALOG_COMPILER_APPICON_NAME = AppIcon;
				ASSETCATALOG_COMPILER_GLOBAL_ACCENT_COLOR_NAME = AccentColor;
				CODE_SIGN_STYLE = Automatic;
				CURRENT_PROJECT_VERSION = 1;
				DEVELOPMENT_ASSET_PATHS = "\"MediaX/Preview Content\"";
				DEVELOPMENT_TEAM = LF49R4B4F3;
				ENABLE_PREVIEWS = YES;
				GENERATE_INFOPLIST_FILE = YES;
				INFOPLIST_KEY_UIApplicationSceneManifest_Generation = YES;
				INFOPLIST_KEY_UIApplicationSupportsIndirectInputEvents = YES;
				INFOPLIST_KEY_UILaunchScreen_Generation = YES;
				INFOPLIST_KEY_UISupportedInterfaceOrientations_iPad = "UIInterfaceOrientationPortrait UIInterfaceOrientationPortraitUpsideDown UIInterfaceOrientationLandscapeLeft UIInterfaceOrientationLandscapeRight";
				INFOPLIST_KEY_UISupportedInterfaceOrientations_iPhone = "UIInterfaceOrientationPortrait UIInterfaceOrientationLandscapeLeft UIInterfaceOrientationLandscapeRight";
				LD_RUNPATH_SEARCH_PATHS = (
					"$(inherited)",
					"@executable_path/Frameworks",
				);
				MARKETING_VERSION = 1.0;
				PRODUCT_BUNDLE_IDENTIFIER = kingoj.MediaX;
				PRODUCT_NAME = "$(TARGET_NAME)";
				SWIFT_EMIT_LOC_STRINGS = YES;
				SWIFT_VERSION = 5.0;
				TARGETED_DEVICE_FAMILY = "1,2";
			};
			name = Release;
		};
/* End XCBuildConfiguration section */

/* Begin XCConfigurationList section */
		530387C22C1A3C1100415079 /* Build configuration list for PBXProject "MediaX" */ = {
			isa = XCConfigurationList;
			buildConfigurations = (
				530387D32C1A3C1400415079 /* Debug */,
				530387D42C1A3C1400415079 /* Release */,
			);
			defaultConfigurationIsVisible = 0;
			defaultConfigurationName = Release;
		};
		530387D52C1A3C1400415079 /* Build configuration list for PBXNativeTarget "MediaX" */ = {
			isa = XCConfigurationList;
			buildConfigurations = (
				530387D62C1A3C1400415079 /* Debug */,
				530387D72C1A3C1400415079 /* Release */,
			);
			defaultConfigurationIsVisible = 0;
			defaultConfigurationName = Release;
		};
/* End XCConfigurationList section */
	};
	rootObject = 530387BF2C1A3C1100415079 /* Project object */;
}
